
Microsoft Visual Studio Solution File, Format Version 12.00
# Visual Studio Version 16
VisualStudioVersion = 16.0.30907.101
MinimumVisualStudioVersion = 10.0.40219.1
Project("{8BC9CEB8-8B4A-11D0-8D11-00A0C91BC942}") = "Task1", "Task1.vcxproj", "{2C447F96-8F75-4A67-8757-A6236601ED6F}"
EndProject
Project("{8BC9CEB8-8B4A-11D0-8D11-00A0C91BC942}") = "Task2", "..\Task2\Task2.vcxproj", "{CD67B1CC-EF20-482D-B98F-C04D481BAFFC}"
EndProject
Project("{8BC9CEB8-8B4A-11D0-8D11-00A0C91BC942}") = "Task3", "..\Task3\Task3.vcxproj", "{61379B66-0743-403F-82D0-7BB1C3B60410}"
EndProject
Global
	GlobalSection(SolutionConfigurationPlatforms) = preSolution
		Debug|x64 = Debug|x64
		Debug|x86 = Debug|x86
		Release|x64 = Release|x64
		Release|x86 = Release|x86
	EndGlobalSection
	GlobalSection(ProjectConfigurationPlatforms) = postSolution
		{2C447F96-8F75-4A67-8757-A6236601ED6F}.Debug|x64.ActiveCfg = Debug|x64
		{2C447F96-8F75-4A67-8757-A6236601ED6F}.Debug|x64.Build.0 = Debug|x64
		{2C447F96-8F75-4A67-8757-A6236601ED6F}.Debug|x86.ActiveCfg = Debug|Win32
		{2C447F96-8F75-4A67-8757-A6236601ED6F}.Debug|x86.Build.0 = Debug|Win32
		{2C447F96-8F75-4A67-8757-A6236601ED6F}.Release|x64.ActiveCfg = Release|x64
		{2C447F96-8F75-4A67-8757-A6236601ED6F}.Release|x64.Build.0 = Release|x64
		{2C447F96-8F75-4A67-8757-A6236601ED6F}.Release|x86.ActiveCfg = Release|Win32
		{2C447F96-8F75-4A67-8757-A6236601ED6F}.Release|x86.Build.0 = Release|Win32
		{CD67B1CC-EF20-482D-B98F-C04D481BAFFC}.Debug|x64.ActiveCfg = Debug|x64
		{CD67B1CC-EF20-482D-B98F-C04D481BAFFC}.Debug|x64.Build.0 = Debug|x64
		{CD67B1CC-EF20-482D-B98F-C04D481BAFFC}.Debug|x86.ActiveCfg = Debug|Win32
		{CD67B1CC-EF20-482D-B98F-C04D481BAFFC}.Debug|x86.Build.0 = Debug|Win32
		{CD67B1CC-EF20-482D-B98F-C04D481BAFFC}.Release|x64.ActiveCfg = Release|x64
		{CD67B1CC-EF20-482D-B98F-C04D481BAFFC}.Release|x64.Build.0 = Release|x64
		{CD67B1CC-EF20-482D-B98F-C04D481BAFFC}.Release|x86.ActiveCfg = Release|Win32
		{CD67B1CC-EF20-482D-B98F-C04D481BAFFC}.Release|x86.Build.0 = Release|Win32
		{61379B66-0743-403F-82D0-7BB1C3B60410}.Debug|x64.ActiveCfg = Debug|x64
		{61379B66-0743-403F-82D0-7BB1C3B60410}.Debug|x64.Build.0 = Debug|x64
		{61379B66-0743-403F-82D0-7BB1C3B60410}.Debug|x86.ActiveCfg = Debug|Win32
		{61379B66-0743-403F-82D0-7BB1C3B60410}.Debug|x86.Build.0 = Debug|Win32
		{61379B66-0743-403F-82D0-7BB1C3B60410}.Release|x64.ActiveCfg = Release|x64
		{61379B66-0743-403F-82D0-7BB1C3B60410}.Release|x64.Build.0 = Release|x64
		{61379B66-0743-403F-82D0-7BB1C3B60410}.Release|x86.ActiveCfg = Release|Win32
		{61379B66-0743-403F-82D0-7BB1C3B60410}.Release|x86.Build.0 = Release|Win32
	EndGlobalSection
	GlobalSection(SolutionProperties) = preSolution
		HideSolutionNode = FALSE
	EndGlobalSection
	GlobalSection(ExtensibilityGlobals) = postSolution
		SolutionGuid = {6C02EC66-3100-4B93-8EB4-72E6F3509BFC}
	EndGlobalSection
EndGlobal
